
Microsoft Visual Studio Solution File, Format Version 12.00
Project("{FAE04EC0-301F-11D3-BF4B-00C04F79EFBC}") = "RustMapsLevelUrl", "RustMapsLevelUrl\RustMapsLevelUrl.csproj", "{FCA4E2C5-5F56-4A59-9D92-82B0AE04AB4E}"
EndProject
Global
	GlobalSection(SolutionConfigurationPlatforms) = preSolution
		Debug|Any CPU = Debug|Any CPU
		Release|Any CPU = Release|Any CPU
	EndGlobalSection
	GlobalSection(ProjectConfigurationPlatforms) = postSolution
		{FCA4E2C5-5F56-4A59-9D92-82B0AE04AB4E}.Debug|Any CPU.ActiveCfg = Debug|Any CPU
		{FCA4E2C5-5F56-4A59-9D92-82B0AE04AB4E}.Debug|Any CPU.Build.0 = Debug|Any CPU
		{FCA4E2C5-5F56-4A59-9D92-82B0AE04AB4E}.Release|Any CPU.ActiveCfg = Release|Any CPU
		{FCA4E2C5-5F56-4A59-9D92-82B0AE04AB4E}.Release|Any CPU.Build.0 = Release|Any CPU
	EndGlobalSection
EndGlobal
